
Microsoft Visual Studio Solution File, Format Version 12.00
# Visual Studio 15
VisualStudioVersion = 15.0.26730.12
MinimumVisualStudioVersion = 10.0.40219.1
Project("{FAE04EC0-301F-11D3-BF4B-00C04F79EFBC}") = "DocumentDBGettingStarted", "DocumentDBGettingStarted\DocumentDBGettingStarted.csproj", "{8BCD12D7-CC37-4138-B4F8-E77ACA857581}"
EndProject
Global
	GlobalSection(SolutionConfigurationPlatforms) = preSolution
		Debug|Any CPU = Debug|Any CPU
		Release|Any CPU = Release|Any CPU
	EndGlobalSection
	GlobalSection(ProjectConfigurationPlatforms) = postSolution
		{8BCD12D7-CC37-4138-B4F8-E77ACA857581}.Debug|Any CPU.ActiveCfg = Debug|Any CPU
		{8BCD12D7-CC37-4138-B4F8-E77ACA857581}.Debug|Any CPU.Build.0 = Debug|Any CPU
		{8BCD12D7-CC37-4138-B4F8-E77ACA857581}.Release|Any CPU.ActiveCfg = Release|Any CPU
		{8BCD12D7-CC37-4138-B4F8-E77ACA857581}.Release|Any CPU.Build.0 = Release|Any CPU
	EndGlobalSection
	GlobalSection(SolutionProperties) = preSolution
		HideSolutionNode = FALSE
	EndGlobalSection
	GlobalSection(ExtensibilityGlobals) = postSolution
		SolutionGuid = {48C5AA16-F97F-4136-A53E-6BA083E24F7D}
	EndGlobalSection
EndGlobal
